
Microsoft Visual Studio Solution File, Format Version 12.00
# Visual Studio Version 17
VisualStudioVersion = 17.7.34018.315
MinimumVisualStudioVersion = 10.0.40219.1
Project("{FAE04EC0-301F-11D3-BF4B-00C04F79EFBC}") = "GuessMelodyWindowsFormsApp", "GuessMelodyWindowsFormsApp\GuessMelodyWindowsFormsApp.csproj", "{8F6FF10D-DD47-4FEB-97FE-3CDFC1098D5B}"
EndProject
Global
	GlobalSection(SolutionConfigurationPlatforms) = preSolution
		Debug|Any CPU = Debug|Any CPU
		Release|Any CPU = Release|Any CPU
	EndGlobalSection
	GlobalSection(ProjectConfigurationPlatforms) = postSolution
		{8F6FF10D-DD47-4FEB-97FE-3CDFC1098D5B}.Debug|Any CPU.ActiveCfg = Debug|Any CPU
		{8F6FF10D-DD47-4FEB-97FE-3CDFC1098D5B}.Debug|Any CPU.Build.0 = Debug|Any CPU
		{8F6FF10D-DD47-4FEB-97FE-3CDFC1098D5B}.Release|Any CPU.ActiveCfg = Release|Any CPU
		{8F6FF10D-DD47-4FEB-97FE-3CDFC1098D5B}.Release|Any CPU.Build.0 = Release|Any CPU
	EndGlobalSection
	GlobalSection(SolutionProperties) = preSolution
		HideSolutionNode = FALSE
	EndGlobalSection
	GlobalSection(ExtensibilityGlobals) = postSolution
		SolutionGuid = {1A33F36D-BEC0-48AD-918E-7CE6ABB050D0}
	EndGlobalSection
EndGlobal
